
Microsoft Visual Studio Solution File, Format Version 12.00
# Visual Studio 15
VisualStudioVersion = 15.0.28307.757
MinimumVisualStudioVersion = 10.0.40219.1
Project("{FAE04EC0-301F-11D3-BF4B-00C04F79EFBC}") = "HazeRemovalTest", "HazeRemovalTest.csproj", "{5FCF9D53-4B55-4F6C-9088-E28B88DD2508}"
EndProject
Global
	GlobalSection(SolutionConfigurationPlatforms) = preSolution
		Debug|x86 = Debug|x86
		Release|x86 = Release|x86
	EndGlobalSection
	GlobalSection(ProjectConfigurationPlatforms) = postSolution
		{5FCF9D53-4B55-4F6C-9088-E28B88DD2508}.Debug|x86.ActiveCfg = Release|x86
		{5FCF9D53-4B55-4F6C-9088-E28B88DD2508}.Debug|x86.Build.0 = Release|x86
		{5FCF9D53-4B55-4F6C-9088-E28B88DD2508}.Release|x86.ActiveCfg = Release|x86
		{5FCF9D53-4B55-4F6C-9088-E28B88DD2508}.Release|x86.Build.0 = Release|x86
	EndGlobalSection
	GlobalSection(SolutionProperties) = preSolution
		HideSolutionNode = FALSE
	EndGlobalSection
	GlobalSection(ExtensibilityGlobals) = postSolution
		SolutionGuid = {9AF8276C-1D53-473E-B665-301A681DCC09}
	EndGlobalSection
EndGlobal
